
Microsoft Visual Studio Solution File, Format Version 12.00
# Visual Studio Version 17
VisualStudioVersion = 17.9.34616.47
MinimumVisualStudioVersion = 10.0.40219.1
Project("{9A19103F-16F7-4668-BE54-9A1E7A4F7556}") = "Test_TourPlanner", "Test_TourPlanner\Test_TourPlanner.csproj", "{00134C27-E511-4807-BC5F-DBA7F73E84F7}"
EndProject
Project("{9A19103F-16F7-4668-BE54-9A1E7A4F7556}") = "BusinessLayer", "BusinessLayer\BusinessLayer.csproj", "{2CD6DA47-619C-400E-93AF-B8A3AEF43CB5}"
EndProject
Project("{9A19103F-16F7-4668-BE54-9A1E7A4F7556}") = "DataLayer", "DataLayer\DataLayer.csproj", "{67C8BBC8-27BA-4817-9392-D98A8A44CC9C}"
EndProject
Project("{9A19103F-16F7-4668-BE54-9A1E7A4F7556}") = "HelperLayer", "HelperLayer\HelperLayer.csproj", "{FD6753AD-E2F8-4949-986C-B3122AE3DB68}"
EndProject
Project("{9A19103F-16F7-4668-BE54-9A1E7A4F7556}") = "PresentationLayer", "PresentationLayer\PresentationLayer.csproj", "{6626E932-DC58-460D-8698-49C40C7B60B4}"
EndProject
Global
	GlobalSection(SolutionConfigurationPlatforms) = preSolution
		Debug|Any CPU = Debug|Any CPU
		Release|Any CPU = Release|Any CPU
	EndGlobalSection
	GlobalSection(ProjectConfigurationPlatforms) = postSolution
		{00134C27-E511-4807-BC5F-DBA7F73E84F7}.Debug|Any CPU.ActiveCfg = Debug|Any CPU
		{00134C27-E511-4807-BC5F-DBA7F73E84F7}.Debug|Any CPU.Build.0 = Debug|Any CPU
		{00134C27-E511-4807-BC5F-DBA7F73E84F7}.Release|Any CPU.ActiveCfg = Release|Any CPU
		{00134C27-E511-4807-BC5F-DBA7F73E84F7}.Release|Any CPU.Build.0 = Release|Any CPU
		{2CD6DA47-619C-400E-93AF-B8A3AEF43CB5}.Debug|Any CPU.ActiveCfg = Debug|Any CPU
		{2CD6DA47-619C-400E-93AF-B8A3AEF43CB5}.Debug|Any CPU.Build.0 = Debug|Any CPU
		{2CD6DA47-619C-400E-93AF-B8A3AEF43CB5}.Release|Any CPU.ActiveCfg = Release|Any CPU
		{2CD6DA47-619C-400E-93AF-B8A3AEF43CB5}.Release|Any CPU.Build.0 = Release|Any CPU
		{67C8BBC8-27BA-4817-9392-D98A8A44CC9C}.Debug|Any CPU.ActiveCfg = Debug|Any CPU
		{67C8BBC8-27BA-4817-9392-D98A8A44CC9C}.Debug|Any CPU.Build.0 = Debug|Any CPU
		{67C8BBC8-27BA-4817-9392-D98A8A44CC9C}.Release|Any CPU.ActiveCfg = Release|Any CPU
		{67C8BBC8-27BA-4817-9392-D98A8A44CC9C}.Release|Any CPU.Build.0 = Release|Any CPU
		{FD6753AD-E2F8-4949-986C-B3122AE3DB68}.Debug|Any CPU.ActiveCfg = Debug|Any CPU
		{FD6753AD-E2F8-4949-986C-B3122AE3DB68}.Debug|Any CPU.Build.0 = Debug|Any CPU
		{FD6753AD-E2F8-4949-986C-B3122AE3DB68}.Release|Any CPU.ActiveCfg = Release|Any CPU
		{FD6753AD-E2F8-4949-986C-B3122AE3DB68}.Release|Any CPU.Build.0 = Release|Any CPU
		{6626E932-DC58-460D-8698-49C40C7B60B4}.Debug|Any CPU.ActiveCfg = Debug|Any CPU
		{6626E932-DC58-460D-8698-49C40C7B60B4}.Debug|Any CPU.Build.0 = Debug|Any CPU
		{6626E932-DC58-460D-8698-49C40C7B60B4}.Release|Any CPU.ActiveCfg = Release|Any CPU
		{6626E932-DC58-460D-8698-49C40C7B60B4}.Release|Any CPU.Build.0 = Release|Any CPU
	EndGlobalSection
	GlobalSection(SolutionProperties) = preSolution
		HideSolutionNode = FALSE
	EndGlobalSection
	GlobalSection(ExtensibilityGlobals) = postSolution
		SolutionGuid = {31CABC53-2A80-4A33-9FF2-86DC08B588FB}
	EndGlobalSection
EndGlobal
